
Microsoft Visual Studio Solution File, Format Version 12.00
# Visual Studio 2012
Project("{FAE04EC0-301F-11D3-BF4B-00C04F79EFBC}") = "TextUtils", "TextUtils\TextUtils.csproj", "{E360DBAA-EDC8-4CA4-918B-612246BB6461}"
EndProject
Project("{FAE04EC0-301F-11D3-BF4B-00C04F79EFBC}") = "TestLibrary", "TestLibrary\TestLibrary.csproj", "{ABA0D638-7A9A-4D86-954D-8B3D1C32669E}"
EndProject
Project("{FAE04EC0-301F-11D3-BF4B-00C04F79EFBC}") = "WordCounterApp", "WordCounterApp\WordCounterApp.csproj", "{49FBA1BF-A184-405B-93CA-33B436B576A4}"
EndProject
Global
	GlobalSection(SolutionConfigurationPlatforms) = preSolution
		Debug|Any CPU = Debug|Any CPU
		Release|Any CPU = Release|Any CPU
	EndGlobalSection
	GlobalSection(ProjectConfigurationPlatforms) = postSolution
		{E360DBAA-EDC8-4CA4-918B-612246BB6461}.Debug|Any CPU.ActiveCfg = Debug|Any CPU
		{E360DBAA-EDC8-4CA4-918B-612246BB6461}.Debug|Any CPU.Build.0 = Debug|Any CPU
		{E360DBAA-EDC8-4CA4-918B-612246BB6461}.Release|Any CPU.ActiveCfg = Release|Any CPU
		{E360DBAA-EDC8-4CA4-918B-612246BB6461}.Release|Any CPU.Build.0 = Release|Any CPU
		{ABA0D638-7A9A-4D86-954D-8B3D1C32669E}.Debug|Any CPU.ActiveCfg = Debug|Any CPU
		{ABA0D638-7A9A-4D86-954D-8B3D1C32669E}.Debug|Any CPU.Build.0 = Debug|Any CPU
		{ABA0D638-7A9A-4D86-954D-8B3D1C32669E}.Release|Any CPU.ActiveCfg = Release|Any CPU
		{ABA0D638-7A9A-4D86-954D-8B3D1C32669E}.Release|Any CPU.Build.0 = Release|Any CPU
		{49FBA1BF-A184-405B-93CA-33B436B576A4}.Debug|Any CPU.ActiveCfg = Debug|Any CPU
		{49FBA1BF-A184-405B-93CA-33B436B576A4}.Debug|Any CPU.Build.0 = Debug|Any CPU
		{49FBA1BF-A184-405B-93CA-33B436B576A4}.Release|Any CPU.ActiveCfg = Release|Any CPU
		{49FBA1BF-A184-405B-93CA-33B436B576A4}.Release|Any CPU.Build.0 = Release|Any CPU
	EndGlobalSection
EndGlobal
